
Microsoft Visual Studio Solution File, Format Version 12.00
# Visual Studio Version 17
VisualStudioVersion = 17.14.36616.10 d17.14
MinimumVisualStudioVersion = 10.0.40219.1
Project("{FAE04EC0-301F-11D3-BF4B-00C04F79EFBC}") = "WpfApp_zad_1", "WpfApp_zad_1.csproj", "{5FDA27D6-6F3A-4D00-AEAB-8C356C3B28C1}"
EndProject
Global
	GlobalSection(SolutionConfigurationPlatforms) = preSolution
		Debug|Any CPU = Debug|Any CPU
		Release|Any CPU = Release|Any CPU
	EndGlobalSection
	GlobalSection(ProjectConfigurationPlatforms) = postSolution
		{5FDA27D6-6F3A-4D00-AEAB-8C356C3B28C1}.Debug|Any CPU.ActiveCfg = Debug|Any CPU
		{5FDA27D6-6F3A-4D00-AEAB-8C356C3B28C1}.Debug|Any CPU.Build.0 = Debug|Any CPU
		{5FDA27D6-6F3A-4D00-AEAB-8C356C3B28C1}.Release|Any CPU.ActiveCfg = Release|Any CPU
		{5FDA27D6-6F3A-4D00-AEAB-8C356C3B28C1}.Release|Any CPU.Build.0 = Release|Any CPU
	EndGlobalSection
	GlobalSection(SolutionProperties) = preSolution
		HideSolutionNode = FALSE
	EndGlobalSection
	GlobalSection(ExtensibilityGlobals) = postSolution
		SolutionGuid = {75F36C0E-F8F0-43C3-A700-5011AF112BC6}
	EndGlobalSection
EndGlobal
